// !$*UTF8*$!
{
	archiveVersion = 1;
	classes = {
	};
	objectVersion = 56;
	objects = {

/* Begin PBXBuildFile section */
		4DAAAB8615B9410DAECC0377 /* Pods_Rick_and_Morty_API_Homework.framework in Frameworks */ = {isa = PBXBuildFile; fileRef = 83289769A50A47291920D109 /* Pods_Rick_and_Morty_API_Homework.framework */; };
		9DE342CF2B4ED05200B7CE36 /* AppDelegate.swift in Sources */ = {isa = PBXBuildFile; fileRef = 9DE342CE2B4ED05200B7CE36 /* AppDelegate.swift */; };
		9DE342D12B4ED05200B7CE36 /* SceneDelegate.swift in Sources */ = {isa = PBXBuildFile; fileRef = 9DE342D02B4ED05200B7CE36 /* SceneDelegate.swift */; };
		9DE342D32B4ED05200B7CE36 /* ViewController.swift in Sources */ = {isa = PBXBuildFile; fileRef = 9DE342D22B4ED05200B7CE36 /* ViewController.swift */; };
		9DE342D62B4ED05200B7CE36 /* Main.storyboard in Resources */ = {isa = PBXBuildFile; fileRef = 9DE342D42B4ED05200B7CE36 /* Main.storyboard */; };
		9DE342D82B4ED05600B7CE36 /* Assets.xcassets in Resources */ = {isa = PBXBuildFile; fileRef = 9DE342D72B4ED05600B7CE36 /* Assets.xcassets */; };
		9DE342DB2B4ED05600B7CE36 /* LaunchScreen.storyboard in Resources */ = {isa = PBXBuildFile; fileRef = 9DE342D92B4ED05600B7CE36 /* LaunchScreen.storyboard */; };
		9DE342E32B4ED1E400B7CE36 /* CharacterTableViewCell.swift in Sources */ = {isa = PBXBuildFile; fileRef = 9DE342E22B4ED1E400B7CE36 /* CharacterTableViewCell.swift */; };
		9DE342E52B4ED53100B7CE36 /* Character.swift in Sources */ = {isa = PBXBuildFile; fileRef = 9DE342E42B4ED53100B7CE36 /* Character.swift */; };
		9DE342E72B4ED6CE00B7CE36 /* TableViewController.swift in Sources */ = {isa = PBXBuildFile; fileRef = 9DE342E62B4ED6CE00B7CE36 /* TableViewController.swift */; };
/* End PBXBuildFile section */

/* Begin PBXFileReference section */
		83289769A50A47291920D109 /* Pods_Rick_and_Morty_API_Homework.framework */ = {isa = PBXFileReference; explicitFileType = wrapper.framework; includeInIndex = 0; path = Pods_Rick_and_Morty_API_Homework.framework; sourceTree = BUILT_PRODUCTS_DIR; };
		9DE342CB2B4ED05200B7CE36 /* Rick and Morty API Homework.app */ = {isa = PBXFileReference; explicitFileType = wrapper.application; includeInIndex = 0; path = "Rick and Morty API Homework.app"; sourceTree = BUILT_PRODUCTS_DIR; };
		9DE342CE2B4ED05200B7CE36 /* AppDelegate.swift */ = {isa = PBXFileReference; lastKnownFileType = sourcecode.swift; path = AppDelegate.swift; sourceTree = "<group>"; };
		9DE342D02B4ED05200B7CE36 /* SceneDelegate.swift */ = {isa = PBXFileReference; lastKnownFileType = sourcecode.swift; path = SceneDelegate.swift; sourceTree = "<group>"; };
		9DE342D22B4ED05200B7CE36 /* ViewController.swift */ = {isa = PBXFileReference; lastKnownFileType = sourcecode.swift; path = ViewController.swift; sourceTree = "<group>"; };
		9DE342D52B4ED05200B7CE36 /* Base */ = {isa = PBXFileReference; lastKnownFileType = file.storyboard; name = Base; path = Base.lproj/Main.storyboard; sourceTree = "<group>"; };
		9DE342D72B4ED05600B7CE36 /* Assets.xcassets */ = {isa = PBXFileReference; lastKnownFileType = folder.assetcatalog; path = Assets.xcassets; sourceTree = "<group>"; };
		9DE342DA2B4ED05600B7CE36 /* Base */ = {isa = PBXFileReference; lastKnownFileType = file.storyboard; name = Base; path = Base.lproj/LaunchScreen.storyboard; sourceTree = "<group>"; };
		9DE342DC2B4ED05600B7CE36 /* Info.plist */ = {isa = PBXFileReference; lastKnownFileType = text.plist.xml; path = Info.plist; sourceTree = "<group>"; };
		9DE342E22B4ED1E400B7CE36 /* CharacterTableViewCell.swift */ = {isa = PBXFileReference; lastKnownFileType = sourcecode.swift; path = CharacterTableViewCell.swift; sourceTree = "<group>"; };
		9DE342E42B4ED53100B7CE36 /* Character.swift */ = {isa = PBXFileReference; lastKnownFileType = sourcecode.swift; path = Character.swift; sourceTree = "<group>"; };
		9DE342E62B4ED6CE00B7CE36 /* TableViewController.swift */ = {isa = PBXFileReference; lastKnownFileType = sourcecode.swift; path = TableViewController.swift; sourceTree = "<group>"; };
		C6B5F6A3FC74F08EC7CA13C2 /* Pods-Rick and Morty API Homework.release.xcconfig */ = {isa = PBXFileReference; includeInIndex = 1; lastKnownFileType = text.xcconfig; name = "Pods-Rick and Morty API Homework.release.xcconfig"; path = "Target Support Files/Pods-Rick and Morty API Homework/Pods-Rick and Morty API Homework.release.xcconfig"; sourceTree = "<group>"; };
		DC0E87A0852CDD8C33BFE74B /* Pods-Rick and Morty API Homework.debug.xcconfig */ = {isa = PBXFileReference; includeInIndex = 1; lastKnownFileType = text.xcconfig; name = "Pods-Rick and Morty API Homework.debug.xcconfig"; path = "Target Support Files/Pods-Rick and Morty API Homework/Pods-Rick and Morty API Homework.debug.xcconfig"; sourceTree = "<group>"; };
/* End PBXFileReference section */

/* Begin PBXFrameworksBuildPhase section */
		9DE342C82B4ED05200B7CE36 /* Frameworks */ = {
			isa = PBXFrameworksBuildPhase;
			buildActionMask = 2147483647;
			files = (
				4DAAAB8615B9410DAECC0377 /* Pods_Rick_and_Morty_API_Homework.framework in Frameworks */,
			);
			runOnlyForDeploymentPostprocessing = 0;
		};
/* End PBXFrameworksBuildPhase section */

/* Begin PBXGroup section */
		130A23343EF566FF0AEEDE66 /* Frameworks */ = {
			isa = PBXGroup;
			children = (
				83289769A50A47291920D109 /* Pods_Rick_and_Morty_API_Homework.framework */,
			);
			name = Frameworks;
			sourceTree = "<group>";
		};
		9DE342C22B4ED05200B7CE36 = {
			isa = PBXGroup;
			children = (
				9DE342CD2B4ED05200B7CE36 /* Rick and Morty API Homework */,
				9DE342CC2B4ED05200B7CE36 /* Products */,
				AA6B879F3334A4FFB0EB218E /* Pods */,
				130A23343EF566FF0AEEDE66 /* Frameworks */,
			);
			sourceTree = "<group>";
		};
		9DE342CC2B4ED05200B7CE36 /* Products */ = {
			isa = PBXGroup;
			children = (
				9DE342CB2B4ED05200B7CE36 /* Rick and Morty API Homework.app */,
			);
			name = Products;
			sourceTree = "<group>";
		};
		9DE342CD2B4ED05200B7CE36 /* Rick and Morty API Homework */ = {
			isa = PBXGroup;
			children = (
				9DE342CE2B4ED05200B7CE36 /* AppDelegate.swift */,
				9DE342D02B4ED05200B7CE36 /* SceneDelegate.swift */,
				9DE342D22B4ED05200B7CE36 /* ViewController.swift */,
				9DE342E62B4ED6CE00B7CE36 /* TableViewController.swift */,
				9DE342E22B4ED1E400B7CE36 /* CharacterTableViewCell.swift */,
				9DE342E42B4ED53100B7CE36 /* Character.swift */,
				9DE342D42B4ED05200B7CE36 /* Main.storyboard */,
				9DE342D72B4ED05600B7CE36 /* Assets.xcassets */,
				9DE342D92B4ED05600B7CE36 /* LaunchScreen.storyboard */,
				9DE342DC2B4ED05600B7CE36 /* Info.plist */,
			);
			path = "Rick and Morty API Homework";
			sourceTree = "<group>";
		};
		AA6B879F3334A4FFB0EB218E /* Pods */ = {
			isa = PBXGroup;
			children = (
				DC0E87A0852CDD8C33BFE74B /* Pods-Rick and Morty API Homework.debug.xcconfig */,
				C6B5F6A3FC74F08EC7CA13C2 /* Pods-Rick and Morty API Homework.release.xcconfig */,
			);
			path = Pods;
			sourceTree = "<group>";
		};
/* End PBXGroup section */

/* Begin PBXNativeTarget section */
		9DE342CA2B4ED05200B7CE36 /* Rick and Morty API Homework */ = {
			isa = PBXNativeTarget;
			buildConfigurationList = 9DE342DF2B4ED05600B7CE36 /* Build configuration list for PBXNativeTarget "Rick and Morty API Homework" */;
			buildPhases = (
				8D0A279F76A1C0D67C72EC5E /* [CP] Check Pods Manifest.lock */,
				9DE342C72B4ED05200B7CE36 /* Sources */,
				9DE342C82B4ED05200B7CE36 /* Frameworks */,
				9DE342C92B4ED05200B7CE36 /* Resources */,
				AD169C9052179716BBFD426A /* [CP] Embed Pods Frameworks */,
			);
			buildRules = (
			);
			dependencies = (
			);
			name = "Rick and Morty API Homework";
			productName = "Rick and Morty API Homework";
			productReference = 9DE342CB2B4ED05200B7CE36 /* Rick and Morty API Homework.app */;
			productType = "com.apple.product-type.application";
		};
/* End PBXNativeTarget section */

/* Begin PBXProject section */
		9DE342C32B4ED05200B7CE36 /* Project object */ = {
			isa = PBXProject;
			attributes = {
				BuildIndependentTargetsInParallel = 1;
				LastSwiftUpdateCheck = 1510;
				LastUpgradeCheck = 1510;
				TargetAttributes = {
					9DE342CA2B4ED05200B7CE36 = {
						CreatedOnToolsVersion = 15.1;
					};
				};
			};
			buildConfigurationList = 9DE342C62B4ED05200B7CE36 /* Build configuration list for PBXProject "Rick and Morty API Homework" */;
			compatibilityVersion = "Xcode 14.0";
			developmentRegion = en;
			hasScannedForEncodings = 0;
			knownRegions = (
				en,
				Base,
			);
			mainGroup = 9DE342C22B4ED05200B7CE36;
			productRefGroup = 9DE342CC2B4ED05200B7CE36 /* Products */;
			projectDirPath = "";
			projectRoot = "";
			targets = (
				9DE342CA2B4ED05200B7CE36 /* Rick and Morty API Homework */,
			);
		};
/* End PBXProject section */

/* Begin PBXResourcesBuildPhase section */
		9DE342C92B4ED05200B7CE36 /* Resources */ = {
			isa = PBXResourcesBuildPhase;
			buildActionMask = 2147483647;
			files = (
				9DE342DB2B4ED05600B7CE36 /* LaunchScreen.storyboard in Resources */,
				9DE342D82B4ED05600B7CE36 /* Assets.xcassets in Resources */,
				9DE342D62B4ED05200B7CE36 /* Main.storyboard in Resources */,
			);
			runOnlyForDeploymentPostprocessing = 0;
		};
/* End PBXResourcesBuildPhase section */

/* Begin PBXShellScriptBuildPhase section */
		8D0A279F76A1C0D67C72EC5E /* [CP] Check Pods Manifest.lock */ = {
			isa = PBXShellScriptBuildPhase;
			buildActionMask = 2147483647;
			files = (
			);
			inputFileListPaths = (
			);
			inputPaths = (
				"${PODS_PODFILE_DIR_PATH}/Podfile.lock",
				"${PODS_ROOT}/Manifest.lock",
			);
			name = "[CP] Check Pods Manifest.lock";
			outputFileListPaths = (
			);
			outputPaths = (
				"$(DERIVED_FILE_DIR)/Pods-Rick and Morty API Homework-checkManifestLockResult.txt",
			);
			runOnlyForDeploymentPostprocessing = 0;
			shellPath = /bin/sh;
			shellScript = "diff \"${PODS_PODFILE_DIR_PATH}/Podfile.lock\" \"${PODS_ROOT}/Manifest.lock\" > /dev/null\nif [ $? != 0 ] ; then\n    # print error to STDERR\n    echo \"error: The sandbox is not in sync with the Podfile.lock. Run 'pod install' or update your CocoaPods installation.\" >&2\n    exit 1\nfi\n# This output is used by Xcode 'outputs' to avoid re-running this script phase.\necho \"SUCCESS\" > \"${SCRIPT_OUTPUT_FILE_0}\"\n";
			showEnvVarsInLog = 0;
		};
		AD169C9052179716BBFD426A /* [CP] Embed Pods Frameworks */ = {
			isa = PBXShellScriptBuildPhase;
			buildActionMask = 2147483647;
			files = (
			);
			inputFileListPaths = (
				"${PODS_ROOT}/Target Support Files/Pods-Rick and Morty API Homework/Pods-Rick and Morty API Homework-frameworks-${CONFIGURATION}-input-files.xcfilelist",
			);
			name = "[CP] Embed Pods Frameworks";
			outputFileListPaths = (
				"${PODS_ROOT}/Target Support Files/Pods-Rick and Morty API Homework/Pods-Rick and Morty API Homework-frameworks-${CONFIGURATION}-output-files.xcfilelist",
			);
			runOnlyForDeploymentPostprocessing = 0;
			shellPath = /bin/sh;
			shellScript = "\"${PODS_ROOT}/Target Support Files/Pods-Rick and Morty API Homework/Pods-Rick and Morty API Homework-frameworks.sh\"\n";
			showEnvVarsInLog = 0;
		};
/* End PBXShellScriptBuildPhase section */

/* Begin PBXSourcesBuildPhase section */
		9DE342C72B4ED05200B7CE36 /* Sources */ = {
			isa = PBXSourcesBuildPhase;
			buildActionMask = 2147483647;
			files = (
				9DE342D32B4ED05200B7CE36 /* ViewController.swift in Sources */,
				9DE342E72B4ED6CE00B7CE36 /* TableViewController.swift in Sources */,
				9DE342CF2B4ED05200B7CE36 /* AppDelegate.swift in Sources */,
				9DE342E52B4ED53100B7CE36 /* Character.swift in Sources */,
				9DE342D12B4ED05200B7CE36 /* SceneDelegate.swift in Sources */,
				9DE342E32B4ED1E400B7CE36 /* CharacterTableViewCell.swift in Sources */,
			);
			runOnlyForDeploymentPostprocessing = 0;
		};
/* End PBXSourcesBuildPhase section */

/* Begin PBXVariantGroup section */
		9DE342D42B4ED05200B7CE36 /* Main.storyboard */ = {
			isa = PBXVariantGroup;
			children = (
				9DE342D52B4ED05200B7CE36 /* Base */,
			);
			name = Main.storyboard;
			sourceTree = "<group>";
		};
		9DE342D92B4ED05600B7CE36 /* LaunchScreen.storyboard */ = {
			isa = PBXVariantGroup;
			children = (
				9DE342DA2B4ED05600B7CE36 /* Base */,
			);
			name = LaunchScreen.storyboard;
			sourceTree = "<group>";
		};
/* End PBXVariantGroup section */

/* Begin XCBuildConfiguration section */
		9DE342DD2B4ED05600B7CE36 /* Debug */ = {
			isa = XCBuildConfiguration;
			buildSettings = {
				ALWAYS_SEARCH_USER_PATHS = NO;
				ASSETCATALOG_COMPILER_GENERATE_SWIFT_ASSET_SYMBOL_EXTENSIONS = YES;
				CLANG_ANALYZER_NONNULL = YES;
				CLANG_ANALYZER_NUMBER_OBJECT_CONVERSION = YES_AGGRESSIVE;
				CLANG_CXX_LANGUAGE_STANDARD = "gnu++20";
				CLANG_ENABLE_MODULES = YES;
				CLANG_ENABLE_OBJC_ARC = YES;
				CLANG_ENABLE_OBJC_WEAK = YES;
				CLANG_WARN_BLOCK_CAPTURE_AUTORELEASING = YES;
				CLANG_WARN_BOOL_CONVERSION = YES;
				CLANG_WARN_COMMA = YES;
				CLANG_WARN_CONSTANT_CONVERSION = YES;
				CLANG_WARN_DEPRECATED_OBJC_IMPLEMENTATIONS = YES;
				CLANG_WARN_DIRECT_OBJC_ISA_USAGE = YES_ERROR;
				CLANG_WARN_DOCUMENTATION_COMMENTS = YES;
				CLANG_WARN_EMPTY_BODY = YES;
				CLANG_WARN_ENUM_CONVERSION = YES;
				CLANG_WARN_INFINITE_RECURSION = YES;
				CLANG_WARN_INT_CONVERSION = YES;
				CLANG_WARN_NON_LITERAL_NULL_CONVERSION = YES;
				CLANG_WARN_OBJC_IMPLICIT_RETAIN_SELF = YES;
				CLANG_WARN_OBJC_LITERAL_CONVERSION = YES;
				CLANG_WARN_OBJC_ROOT_CLASS = YES_ERROR;
				CLANG_WARN_QUOTED_INCLUDE_IN_FRAMEWORK_HEADER = YES;
				CLANG_WARN_RANGE_LOOP_ANALYSIS = YES;
				CLANG_WARN_STRICT_PROTOTYPES = YES;
				CLANG_WARN_SUSPICIOUS_MOVE = YES;
				CLANG_WARN_UNGUARDED_AVAILABILITY = YES_AGGRESSIVE;
				CLANG_WARN_UNREACHABLE_CODE = YES;
				CLANG_WARN__DUPLICATE_METHOD_MATCH = YES;
				COPY_PHASE_STRIP = NO;
				DEBUG_INFORMATION_FORMAT = dwarf;
				ENABLE_STRICT_OBJC_MSGSEND = YES;
				ENABLE_TESTABILITY = YES;
				ENABLE_USER_SCRIPT_SANDBOXING = YES;
				GCC_C_LANGUAGE_STANDARD = gnu17;
				GCC_DYNAMIC_NO_PIC = NO;
				GCC_NO_COMMON_BLOCKS = YES;
				GCC_OPTIMIZATION_LEVEL = 0;
				GCC_PREPROCESSOR_DEFINITIONS = (
					"DEBUG=1",
					"$(inherited)",
				);
				GCC_WARN_64_TO_32_BIT_CONVERSION = YES;
				GCC_WARN_ABOUT_RETURN_TYPE = YES_ERROR;
				GCC_WARN_UNDECLARED_SELECTOR = YES;
				GCC_WARN_UNINITIALIZED_AUTOS = YES_AGGRESSIVE;
				GCC_WARN_UNUSED_FUNCTION = YES;
				GCC_WARN_UNUSED_VARIABLE = YES;
				IPHONEOS_DEPLOYMENT_TARGET = 17.2;
				LOCALIZATION_PREFERS_STRING_CATALOGS = YES;
				MTL_ENABLE_DEBUG_INFO = INCLUDE_SOURCE;
				MTL_FAST_MATH = YES;
				ONLY_ACTIVE_ARCH = YES;
				SDKROOT = iphoneos;
				SWIFT_ACTIVE_COMPILATION_CONDITIONS = "DEBUG $(inherited)";
				SWIFT_OPTIMIZATION_LEVEL = "-Onone";
			};
			name = Debug;
		};
		9DE342DE2B4ED05600B7CE36 /* Release */ = {
			isa = XCBuildConfiguration;
			buildSettings = {
				ALWAYS_SEARCH_USER_PATHS = NO;
				ASSETCATALOG_COMPILER_GENERATE_SWIFT_ASSET_SYMBOL_EXTENSIONS = YES;
				CLANG_ANALYZER_NONNULL = YES;
				CLANG_ANALYZER_NUMBER_OBJECT_CONVERSION = YES_AGGRESSIVE;
				CLANG_CXX_LANGUAGE_STANDARD = "gnu++20";
				CLANG_ENABLE_MODULES = YES;
				CLANG_ENABLE_OBJC_ARC = YES;
				CLANG_ENABLE_OBJC_WEAK = YES;
				CLANG_WARN_BLOCK_CAPTURE_AUTORELEASING = YES;
				CLANG_WARN_BOOL_CONVERSION = YES;
				CLANG_WARN_COMMA = YES;
				CLANG_WARN_CONSTANT_CONVERSION = YES;
				CLANG_WARN_DEPRECATED_OBJC_IMPLEMENTATIONS = YES;
				CLANG_WARN_DIRECT_OBJC_ISA_USAGE = YES_ERROR;
				CLANG_WARN_DOCUMENTATION_COMMENTS = YES;
				CLANG_WARN_EMPTY_BODY = YES;
				CLANG_WARN_ENUM_CONVERSION = YES;
				CLANG_WARN_INFINITE_RECURSION = YES;
				CLANG_WARN_INT_CONVERSION = YES;
				CLANG_WARN_NON_LITERAL_NULL_CONVERSION = YES;
				CLANG_WARN_OBJC_IMPLICIT_RETAIN_SELF = YES;
				CLANG_WARN_OBJC_LITERAL_CONVERSION = YES;
				CLANG_WARN_OBJC_ROOT_CLASS = YES_ERROR;
				CLANG_WARN_QUOTED_INCLUDE_IN_FRAMEWORK_HEADER = YES;
				CLANG_WARN_RANGE_LOOP_ANALYSIS = YES;
				CLANG_WARN_STRICT_PROTOTYPES = YES;
				CLANG_WARN_SUSPICIOUS_MOVE = YES;
				CLANG_WARN_UNGUARDED_AVAILABILITY = YES_AGGRESSIVE;
				CLANG_WARN_UNREACHABLE_CODE = YES;
				CLANG_WARN__DUPLICATE_METHOD_MATCH = YES;
				COPY_PHASE_STRIP = NO;
				DEBUG_INFORMATION_FORMAT = "dwarf-with-dsym";
				ENABLE_NS_ASSERTIONS = NO;
				ENABLE_STRICT_OBJC_MSGSEND = YES;
				ENABLE_USER_SCRIPT_SANDBOXING = YES;
				GCC_C_LANGUAGE_STANDARD = gnu17;
				GCC_NO_COMMON_BLOCKS = YES;
				GCC_WARN_64_TO_32_BIT_CONVERSION = YES;
				GCC_WARN_ABOUT_RETURN_TYPE = YES_ERROR;
				GCC_WARN_UNDECLARED_SELECTOR = YES;
				GCC_WARN_UNINITIALIZED_AUTOS = YES_AGGRESSIVE;
				GCC_WARN_UNUSED_FUNCTION = YES;
				GCC_WARN_UNUSED_VARIABLE = YES;
				IPHONEOS_DEPLOYMENT_TARGET = 17.2;
				LOCALIZATION_PREFERS_STRING_CATALOGS = YES;
				MTL_ENABLE_DEBUG_INFO = NO;
				MTL_FAST_MATH = YES;
				SDKROOT = iphoneos;
				SWIFT_COMPILATION_MODE = wholemodule;
				VALIDATE_PRODUCT = YES;
			};
			name = Release;
		};
		9DE342E02B4ED05600B7CE36 /* Debug */ = {
			isa = XCBuildConfiguration;
			baseConfigurationReference = DC0E87A0852CDD8C33BFE74B /* Pods-Rick and Morty API Homework.debug.xcconfig */;
			buildSettings = {
				ASSETCATALOG_COMPILER_APPICON_NAME = AppIcon;
				ASSETCATALOG_COMPILER_GLOBAL_ACCENT_COLOR_NAME = AccentColor;
				CODE_SIGN_STYLE = Automatic;
				CURRENT_PROJECT_VERSION = 1;
				ENABLE_USER_SCRIPT_SANDBOXING = NO;
				GENERATE_INFOPLIST_FILE = YES;
				INFOPLIST_FILE = "Rick and Morty API Homework/Info.plist";
				INFOPLIST_KEY_UIApplicationSupportsIndirectInputEvents = YES;
				INFOPLIST_KEY_UILaunchStoryboardName = LaunchScreen;
				INFOPLIST_KEY_UIMainStoryboardFile = Main;
				INFOPLIST_KEY_UISupportedInterfaceOrientations = UIInterfaceOrientationPortrait;
				INFOPLIST_KEY_UISupportedInterfaceOrientations_iPad = "UIInterfaceOrientationLandscapeLeft UIInterfaceOrientationLandscapeRight UIInterfaceOrientationPortrait UIInterfaceOrientationPortraitUpsideDown";
				LD_RUNPATH_SEARCH_PATHS = (
					"$(inherited)",
					"@executable_path/Frameworks",
				);
				MARKETING_VERSION = 1.0;
				PRODUCT_BUNDLE_IDENTIFIER = "Homework.Rick-and-Morty-API-Homework";
				PRODUCT_NAME = "$(TARGET_NAME)";
				SUPPORTED_PLATFORMS = "iphoneos iphonesimulator";
				SUPPORTS_MACCATALYST = NO;
				SUPPORTS_MAC_DESIGNED_FOR_IPHONE_IPAD = NO;
				SWIFT_EMIT_LOC_STRINGS = YES;
				SWIFT_VERSION = 5.0;
				TARGETED_DEVICE_FAMILY = 1;
			};
			name = Debug;
		};
		9DE342E12B4ED05600B7CE36 /* Release */ = {
			isa = XCBuildConfiguration;
			baseConfigurationReference = C6B5F6A3FC74F08EC7CA13C2 /* Pods-Rick and Morty API Homework.release.xcconfig */;
			buildSettings = {
				ASSETCATALOG_COMPILER_APPICON_NAME = AppIcon;
				ASSETCATALOG_COMPILER_GLOBAL_ACCENT_COLOR_NAME = AccentColor;
				CODE_SIGN_STYLE = Automatic;
				CURRENT_PROJECT_VERSION = 1;
				ENABLE_USER_SCRIPT_SANDBOXING = NO;
				GENERATE_INFOPLIST_FILE = YES;
				INFOPLIST_FILE = "Rick and Morty API Homework/Info.plist";
				INFOPLIST_KEY_UIApplicationSupportsIndirectInputEvents = YES;
				INFOPLIST_KEY_UILaunchStoryboardName = LaunchScreen;
				INFOPLIST_KEY_UIMainStoryboardFile = Main;
				INFOPLIST_KEY_UISupportedInterfaceOrientations = UIInterfaceOrientationPortrait;
				INFOPLIST_KEY_UISupportedInterfaceOrientations_iPad = "UIInterfaceOrientationLandscapeLeft UIInterfaceOrientationLandscapeRight UIInterfaceOrientationPortrait UIInterfaceOrientationPortraitUpsideDown";
				LD_RUNPATH_SEARCH_PATHS = (
					"$(inherited)",
					"@executable_path/Frameworks",
				);
				MARKETING_VERSION = 1.0;
				PRODUCT_BUNDLE_IDENTIFIER = "Homework.Rick-and-Morty-API-Homework";
				PRODUCT_NAME = "$(TARGET_NAME)";
				SUPPORTED_PLATFORMS = "iphoneos iphonesimulator";
				SUPPORTS_MACCATALYST = NO;
				SUPPORTS_MAC_DESIGNED_FOR_IPHONE_IPAD = NO;
				SWIFT_EMIT_LOC_STRINGS = YES;
				SWIFT_VERSION = 5.0;
				TARGETED_DEVICE_FAMILY = 1;
			};
			name = Release;
		};
/* End XCBuildConfiguration section */

/* Begin XCConfigurationList section */
		9DE342C62B4ED05200B7CE36 /* Build configuration list for PBXProject "Rick and Morty API Homework" */ = {
			isa = XCConfigurationList;
			buildConfigurations = (
				9DE342DD2B4ED05600B7CE36 /* Debug */,
				9DE342DE2B4ED05600B7CE36 /* Release */,
			);
			defaultConfigurationIsVisible = 0;
			defaultConfigurationName = Release;
		};
		9DE342DF2B4ED05600B7CE36 /* Build configuration list for PBXNativeTarget "Rick and Morty API Homework" */ = {
			isa = XCConfigurationList;
			buildConfigurations = (
				9DE342E02B4ED05600B7CE36 /* Debug */,
				9DE342E12B4ED05600B7CE36 /* Release */,
			);
			defaultConfigurationIsVisible = 0;
			defaultConfigurationName = Release;
		};
/* End XCConfigurationList section */
	};
	rootObject = 9DE342C32B4ED05200B7CE36 /* Project object */;
}
